
Microsoft Visual Studio Solution File, Format Version 12.00
# Visual Studio Version 17
VisualStudioVersion = 17.4.33403.182
MinimumVisualStudioVersion = 10.0.40219.1
Project("{FAE04EC0-301F-11D3-BF4B-00C04F79EFBC}") = "FilmesApi", "FilmesApi\FilmesApi.csproj", "{66C069A5-B67C-4364-9B1E-B146864C704F}"
EndProject
Global
	GlobalSection(SolutionConfigurationPlatforms) = preSolution
		Debug|Any CPU = Debug|Any CPU
		Release|Any CPU = Release|Any CPU
	EndGlobalSection
	GlobalSection(ProjectConfigurationPlatforms) = postSolution
		{66C069A5-B67C-4364-9B1E-B146864C704F}.Debug|Any CPU.ActiveCfg = Debug|Any CPU
		{66C069A5-B67C-4364-9B1E-B146864C704F}.Debug|Any CPU.Build.0 = Debug|Any CPU
		{66C069A5-B67C-4364-9B1E-B146864C704F}.Release|Any CPU.ActiveCfg = Release|Any CPU
		{66C069A5-B67C-4364-9B1E-B146864C704F}.Release|Any CPU.Build.0 = Release|Any CPU
	EndGlobalSection
	GlobalSection(SolutionProperties) = preSolution
		HideSolutionNode = FALSE
	EndGlobalSection
	GlobalSection(ExtensibilityGlobals) = postSolution
		SolutionGuid = {F11A35E6-03DA-4FF2-A321-64767C31C38C}
	EndGlobalSection
EndGlobal
